
Microsoft Visual Studio Solution File, Format Version 12.00
# Visual Studio Version 17
VisualStudioVersion = 17.11.35327.3
MinimumVisualStudioVersion = 10.0.40219.1
Project("{2150E333-8FDC-42A3-9474-1A3956D46DE8}") = "Services", "Services", "{C80ABD91-C572-439D-85A5-F6F644E3AB22}"
EndProject
Project("{2150E333-8FDC-42A3-9474-1A3956D46DE8}") = "Catalog", "Catalog", "{1B7F78C9-94FA-47CD-8A1B-E47E9B89F184}"
EndProject
Project("{FAE04EC0-301F-11D3-BF4B-00C04F79EFBC}") = "EC.Catalog", "Services\Catalog\EC.Catalog\EC.Catalog.csproj", "{AD50225B-862F-4CB2-8F55-86D782AF93E0}"
EndProject
Project("{2150E333-8FDC-42A3-9474-1A3956D46DE8}") = "Discount", "Discount", "{02EA681E-C7D8-13C7-8484-4AC65E1B71E8}"
EndProject
Project("{FAE04EC0-301F-11D3-BF4B-00C04F79EFBC}") = "EC.Discount", "Services\Discount\EC.Discount\EC.Discount.csproj", "{A3E40818-73C5-4E37-A6CB-8E088A8CF5F1}"
EndProject
Project("{2150E333-8FDC-42A3-9474-1A3956D46DE8}") = "Order", "Order", "{AEE1924B-2F91-416E-9F4B-E244577A5E68}"
EndProject
Project("{2150E333-8FDC-42A3-9474-1A3956D46DE8}") = "Core", "Core", "{9D9FEA69-0B10-4B0B-BE0E-360ED5C06F69}"
EndProject
Project("{2150E333-8FDC-42A3-9474-1A3956D46DE8}") = "Infrastructure", "Infrastructure", "{086F6048-2EFB-47FF-A3F6-8BDCB965A1A4}"
EndProject
Project("{2150E333-8FDC-42A3-9474-1A3956D46DE8}") = "Presentation", "Presentation", "{1BAFA4D9-2ABD-4B7D-B99E-E2F52990DF07}"
EndProject
Project("{FAE04EC0-301F-11D3-BF4B-00C04F79EFBC}") = "EC.Order.Domain", "Services\Order\Core\EC.Order.Domain\EC.Order.Domain.csproj", "{DC959C6D-8D56-4B0B-8F9F-583602617B9E}"
EndProject
Project("{FAE04EC0-301F-11D3-BF4B-00C04F79EFBC}") = "EC.Order.Application", "Services\Order\Core\EC.Order.Application\EC.Order.Application.csproj", "{72C2499C-68D5-4937-B2D4-0ACFFCB11698}"
EndProject
Project("{FAE04EC0-301F-11D3-BF4B-00C04F79EFBC}") = "EC.Order.Persistance", "Services\Order\Infrastructure\EC.Order.Persistance\EC.Order.Persistance.csproj", "{B7CD2713-EBDD-4797-9C24-5D6B123BC76C}"
EndProject
Project("{FAE04EC0-301F-11D3-BF4B-00C04F79EFBC}") = "EC.Order.WebApi", "Services\Order\Presentation\EC.Order.WebApi\EC.Order.WebApi.csproj", "{D3619563-FE56-448D-BFF4-6C975A4737FF}"
EndProject
Project("{2150E333-8FDC-42A3-9474-1A3956D46DE8}") = "IdentityServer", "IdentityServer", "{E8FAB441-9F81-4904-A45D-2D9A13AF0EC2}"
EndProject
Project("{FAE04EC0-301F-11D3-BF4B-00C04F79EFBC}") = "EC.IdentityServer", "IdentityServer\EC.IdentityServer\EC.IdentityServer.csproj", "{8D45BCE4-28B3-87C3-54F8-B6DDE0AF33F0}"
EndProject
Project("{2150E333-8FDC-42A3-9474-1A3956D46DE8}") = "Information", "Information", "{29284AE2-AC22-47F0-B7CE-17EB14792837}"
	ProjectSection(SolutionItems) = preProject
		PortNumbers.txt = PortNumbers.txt
	EndProjectSection
EndProject
Project("{2150E333-8FDC-42A3-9474-1A3956D46DE8}") = "Cargo", "Cargo", "{0C06336E-3125-4133-897F-DF8EF2ED15D7}"
EndProject
Project("{FAE04EC0-301F-11D3-BF4B-00C04F79EFBC}") = "EC.Cargo.EntityLayer", "Services\Cargo\EC.Cargo.EntityLayer\EC.Cargo.EntityLayer.csproj", "{C5A9BF97-2625-43A7-A2B5-39E9B2784EDC}"
EndProject
Project("{FAE04EC0-301F-11D3-BF4B-00C04F79EFBC}") = "EC.Cargo.BusinessLayer", "Services\Cargo\EC.Cargo.BusinessLayer\EC.Cargo.BusinessLayer.csproj", "{79A0EF46-54FE-4EBF-80A7-CC42369B9D85}"
EndProject
Project("{FAE04EC0-301F-11D3-BF4B-00C04F79EFBC}") = "EC.Cargo.DataAccessLayer", "Services\Cargo\EC.Cargo.DataAccessLayer\EC.Cargo.DataAccessLayer.csproj", "{85B23A10-4171-469D-B715-DD9DAB1FE645}"
EndProject
Project("{FAE04EC0-301F-11D3-BF4B-00C04F79EFBC}") = "EC.Cargo.DtoLayer", "Services\Cargo\EC.Cargo.DtoLayer\EC.Cargo.DtoLayer.csproj", "{606825EA-B2F5-474B-92CF-07FE6C18BADF}"
EndProject
Project("{FAE04EC0-301F-11D3-BF4B-00C04F79EFBC}") = "EC.Cargo.WebApi", "Services\Cargo\EC.Cargo.WebApi\EC.Cargo.WebApi.csproj", "{C983C0BC-6E7E-4CFC-912A-A44EE1C410B4}"
EndProject
Project("{2150E333-8FDC-42A3-9474-1A3956D46DE8}") = "Basket", "Basket", "{458F6C83-CB55-4EE9-BA6E-94AC8E759216}"
EndProject
Project("{FAE04EC0-301F-11D3-BF4B-00C04F79EFBC}") = "EC.Basket", "Services\Basket\EC.Basket\EC.Basket.csproj", "{69918454-6F81-4DC8-8D99-5BC9846FD0AB}"
EndProject
Project("{2150E333-8FDC-42A3-9474-1A3956D46DE8}") = "Frontends", "Frontends", "{54ECDDC4-5DFD-4688-BEA1-0BC9E2BDDA95}"
EndProject
Project("{FAE04EC0-301F-11D3-BF4B-00C04F79EFBC}") = "EC.WebUI", "Frontends\EC.WebUI\EC.WebUI.csproj", "{B1784E37-0270-4551-BCCD-E29023365180}"
EndProject
Global
	GlobalSection(SolutionConfigurationPlatforms) = preSolution
		Debug|Any CPU = Debug|Any CPU
		Release|Any CPU = Release|Any CPU
	EndGlobalSection
	GlobalSection(ProjectConfigurationPlatforms) = postSolution
		{AD50225B-862F-4CB2-8F55-86D782AF93E0}.Debug|Any CPU.ActiveCfg = Debug|Any CPU
		{AD50225B-862F-4CB2-8F55-86D782AF93E0}.Debug|Any CPU.Build.0 = Debug|Any CPU
		{AD50225B-862F-4CB2-8F55-86D782AF93E0}.Release|Any CPU.ActiveCfg = Release|Any CPU
		{AD50225B-862F-4CB2-8F55-86D782AF93E0}.Release|Any CPU.Build.0 = Release|Any CPU
		{A3E40818-73C5-4E37-A6CB-8E088A8CF5F1}.Debug|Any CPU.ActiveCfg = Debug|Any CPU
		{A3E40818-73C5-4E37-A6CB-8E088A8CF5F1}.Debug|Any CPU.Build.0 = Debug|Any CPU
		{A3E40818-73C5-4E37-A6CB-8E088A8CF5F1}.Release|Any CPU.ActiveCfg = Release|Any CPU
		{A3E40818-73C5-4E37-A6CB-8E088A8CF5F1}.Release|Any CPU.Build.0 = Release|Any CPU
		{DC959C6D-8D56-4B0B-8F9F-583602617B9E}.Debug|Any CPU.ActiveCfg = Debug|Any CPU
		{DC959C6D-8D56-4B0B-8F9F-583602617B9E}.Debug|Any CPU.Build.0 = Debug|Any CPU
		{DC959C6D-8D56-4B0B-8F9F-583602617B9E}.Release|Any CPU.ActiveCfg = Release|Any CPU
		{DC959C6D-8D56-4B0B-8F9F-583602617B9E}.Release|Any CPU.Build.0 = Release|Any CPU
		{72C2499C-68D5-4937-B2D4-0ACFFCB11698}.Debug|Any CPU.ActiveCfg = Debug|Any CPU
		{72C2499C-68D5-4937-B2D4-0ACFFCB11698}.Debug|Any CPU.Build.0 = Debug|Any CPU
		{72C2499C-68D5-4937-B2D4-0ACFFCB11698}.Release|Any CPU.ActiveCfg = Release|Any CPU
		{72C2499C-68D5-4937-B2D4-0ACFFCB11698}.Release|Any CPU.Build.0 = Release|Any CPU
		{B7CD2713-EBDD-4797-9C24-5D6B123BC76C}.Debug|Any CPU.ActiveCfg = Debug|Any CPU
		{B7CD2713-EBDD-4797-9C24-5D6B123BC76C}.Debug|Any CPU.Build.0 = Debug|Any CPU
		{B7CD2713-EBDD-4797-9C24-5D6B123BC76C}.Release|Any CPU.ActiveCfg = Release|Any CPU
		{B7CD2713-EBDD-4797-9C24-5D6B123BC76C}.Release|Any CPU.Build.0 = Release|Any CPU
		{D3619563-FE56-448D-BFF4-6C975A4737FF}.Debug|Any CPU.ActiveCfg = Debug|Any CPU
		{D3619563-FE56-448D-BFF4-6C975A4737FF}.Debug|Any CPU.Build.0 = Debug|Any CPU
		{D3619563-FE56-448D-BFF4-6C975A4737FF}.Release|Any CPU.ActiveCfg = Release|Any CPU
		{D3619563-FE56-448D-BFF4-6C975A4737FF}.Release|Any CPU.Build.0 = Release|Any CPU
		{8D45BCE4-28B3-87C3-54F8-B6DDE0AF33F0}.Debug|Any CPU.ActiveCfg = Debug|Any CPU
		{8D45BCE4-28B3-87C3-54F8-B6DDE0AF33F0}.Debug|Any CPU.Build.0 = Debug|Any CPU
		{8D45BCE4-28B3-87C3-54F8-B6DDE0AF33F0}.Release|Any CPU.ActiveCfg = Release|Any CPU
		{8D45BCE4-28B3-87C3-54F8-B6DDE0AF33F0}.Release|Any CPU.Build.0 = Release|Any CPU
		{C5A9BF97-2625-43A7-A2B5-39E9B2784EDC}.Debug|Any CPU.ActiveCfg = Debug|Any CPU
		{C5A9BF97-2625-43A7-A2B5-39E9B2784EDC}.Debug|Any CPU.Build.0 = Debug|Any CPU
		{C5A9BF97-2625-43A7-A2B5-39E9B2784EDC}.Release|Any CPU.ActiveCfg = Release|Any CPU
		{C5A9BF97-2625-43A7-A2B5-39E9B2784EDC}.Release|Any CPU.Build.0 = Release|Any CPU
		{79A0EF46-54FE-4EBF-80A7-CC42369B9D85}.Debug|Any CPU.ActiveCfg = Debug|Any CPU
		{79A0EF46-54FE-4EBF-80A7-CC42369B9D85}.Debug|Any CPU.Build.0 = Debug|Any CPU
		{79A0EF46-54FE-4EBF-80A7-CC42369B9D85}.Release|Any CPU.ActiveCfg = Release|Any CPU
		{79A0EF46-54FE-4EBF-80A7-CC42369B9D85}.Release|Any CPU.Build.0 = Release|Any CPU
		{85B23A10-4171-469D-B715-DD9DAB1FE645}.Debug|Any CPU.ActiveCfg = Debug|Any CPU
		{85B23A10-4171-469D-B715-DD9DAB1FE645}.Debug|Any CPU.Build.0 = Debug|Any CPU
		{85B23A10-4171-469D-B715-DD9DAB1FE645}.Release|Any CPU.ActiveCfg = Release|Any CPU
		{85B23A10-4171-469D-B715-DD9DAB1FE645}.Release|Any CPU.Build.0 = Release|Any CPU
		{606825EA-B2F5-474B-92CF-07FE6C18BADF}.Debug|Any CPU.ActiveCfg = Debug|Any CPU
		{606825EA-B2F5-474B-92CF-07FE6C18BADF}.Debug|Any CPU.Build.0 = Debug|Any CPU
		{606825EA-B2F5-474B-92CF-07FE6C18BADF}.Release|Any CPU.ActiveCfg = Release|Any CPU
		{606825EA-B2F5-474B-92CF-07FE6C18BADF}.Release|Any CPU.Build.0 = Release|Any CPU
		{C983C0BC-6E7E-4CFC-912A-A44EE1C410B4}.Debug|Any CPU.ActiveCfg = Debug|Any CPU
		{C983C0BC-6E7E-4CFC-912A-A44EE1C410B4}.Debug|Any CPU.Build.0 = Debug|Any CPU
		{C983C0BC-6E7E-4CFC-912A-A44EE1C410B4}.Release|Any CPU.ActiveCfg = Release|Any CPU
		{C983C0BC-6E7E-4CFC-912A-A44EE1C410B4}.Release|Any CPU.Build.0 = Release|Any CPU
		{69918454-6F81-4DC8-8D99-5BC9846FD0AB}.Debug|Any CPU.ActiveCfg = Debug|Any CPU
		{69918454-6F81-4DC8-8D99-5BC9846FD0AB}.Debug|Any CPU.Build.0 = Debug|Any CPU
		{69918454-6F81-4DC8-8D99-5BC9846FD0AB}.Release|Any CPU.ActiveCfg = Release|Any CPU
		{69918454-6F81-4DC8-8D99-5BC9846FD0AB}.Release|Any CPU.Build.0 = Release|Any CPU
		{B1784E37-0270-4551-BCCD-E29023365180}.Debug|Any CPU.ActiveCfg = Debug|Any CPU
		{B1784E37-0270-4551-BCCD-E29023365180}.Debug|Any CPU.Build.0 = Debug|Any CPU
		{B1784E37-0270-4551-BCCD-E29023365180}.Release|Any CPU.ActiveCfg = Release|Any CPU
		{B1784E37-0270-4551-BCCD-E29023365180}.Release|Any CPU.Build.0 = Release|Any CPU
	EndGlobalSection
	GlobalSection(SolutionProperties) = preSolution
		HideSolutionNode = FALSE
	EndGlobalSection
	GlobalSection(NestedProjects) = preSolution
		{1B7F78C9-94FA-47CD-8A1B-E47E9B89F184} = {C80ABD91-C572-439D-85A5-F6F644E3AB22}
		{AD50225B-862F-4CB2-8F55-86D782AF93E0} = {1B7F78C9-94FA-47CD-8A1B-E47E9B89F184}
		{02EA681E-C7D8-13C7-8484-4AC65E1B71E8} = {C80ABD91-C572-439D-85A5-F6F644E3AB22}
		{A3E40818-73C5-4E37-A6CB-8E088A8CF5F1} = {02EA681E-C7D8-13C7-8484-4AC65E1B71E8}
		{AEE1924B-2F91-416E-9F4B-E244577A5E68} = {C80ABD91-C572-439D-85A5-F6F644E3AB22}
		{9D9FEA69-0B10-4B0B-BE0E-360ED5C06F69} = {AEE1924B-2F91-416E-9F4B-E244577A5E68}
		{086F6048-2EFB-47FF-A3F6-8BDCB965A1A4} = {AEE1924B-2F91-416E-9F4B-E244577A5E68}
		{1BAFA4D9-2ABD-4B7D-B99E-E2F52990DF07} = {AEE1924B-2F91-416E-9F4B-E244577A5E68}
		{DC959C6D-8D56-4B0B-8F9F-583602617B9E} = {9D9FEA69-0B10-4B0B-BE0E-360ED5C06F69}
		{72C2499C-68D5-4937-B2D4-0ACFFCB11698} = {9D9FEA69-0B10-4B0B-BE0E-360ED5C06F69}
		{B7CD2713-EBDD-4797-9C24-5D6B123BC76C} = {086F6048-2EFB-47FF-A3F6-8BDCB965A1A4}
		{D3619563-FE56-448D-BFF4-6C975A4737FF} = {1BAFA4D9-2ABD-4B7D-B99E-E2F52990DF07}
		{8D45BCE4-28B3-87C3-54F8-B6DDE0AF33F0} = {E8FAB441-9F81-4904-A45D-2D9A13AF0EC2}
		{0C06336E-3125-4133-897F-DF8EF2ED15D7} = {C80ABD91-C572-439D-85A5-F6F644E3AB22}
		{C5A9BF97-2625-43A7-A2B5-39E9B2784EDC} = {0C06336E-3125-4133-897F-DF8EF2ED15D7}
		{79A0EF46-54FE-4EBF-80A7-CC42369B9D85} = {0C06336E-3125-4133-897F-DF8EF2ED15D7}
		{85B23A10-4171-469D-B715-DD9DAB1FE645} = {0C06336E-3125-4133-897F-DF8EF2ED15D7}
		{606825EA-B2F5-474B-92CF-07FE6C18BADF} = {0C06336E-3125-4133-897F-DF8EF2ED15D7}
		{C983C0BC-6E7E-4CFC-912A-A44EE1C410B4} = {0C06336E-3125-4133-897F-DF8EF2ED15D7}
		{458F6C83-CB55-4EE9-BA6E-94AC8E759216} = {C80ABD91-C572-439D-85A5-F6F644E3AB22}
		{69918454-6F81-4DC8-8D99-5BC9846FD0AB} = {458F6C83-CB55-4EE9-BA6E-94AC8E759216}
		{B1784E37-0270-4551-BCCD-E29023365180} = {54ECDDC4-5DFD-4688-BEA1-0BC9E2BDDA95}
	EndGlobalSection
	GlobalSection(ExtensibilityGlobals) = postSolution
		SolutionGuid = {B55CE0F6-5A2F-4025-92F1-BC0285797520}
	EndGlobalSection
EndGlobal
